// !$*UTF8*$!
{
	archiveVersion = 1;
	classes = {
	};
	objectVersion = 56;
	objects = {

/* Begin PBXBuildFile section */
		89CFBFE92B76B233004EB54B /* AppDelegate.swift in Sources */ = {isa = PBXBuildFile; fileRef = 89CFBFE82B76B233004EB54B /* AppDelegate.swift */; };
		89CFBFEB2B76B233004EB54B /* SceneDelegate.swift in Sources */ = {isa = PBXBuildFile; fileRef = 89CFBFEA2B76B233004EB54B /* SceneDelegate.swift */; };
		89CFBFF22B76B235004EB54B /* Assets.xcassets in Resources */ = {isa = PBXBuildFile; fileRef = 89CFBFF12B76B235004EB54B /* Assets.xcassets */; };
		89CFBFF52B76B235004EB54B /* LaunchScreen.storyboard in Resources */ = {isa = PBXBuildFile; fileRef = 89CFBFF32B76B235004EB54B /* LaunchScreen.storyboard */; };
		89CFC0002B76B235004EB54B /* empikTests.swift in Sources */ = {isa = PBXBuildFile; fileRef = 89CFBFFF2B76B235004EB54B /* empikTests.swift */; };
		89CFC00A2B76B235004EB54B /* empikUITests.swift in Sources */ = {isa = PBXBuildFile; fileRef = 89CFC0092B76B235004EB54B /* empikUITests.swift */; };
		89CFC00C2B76B235004EB54B /* empikUITestsLaunchTests.swift in Sources */ = {isa = PBXBuildFile; fileRef = 89CFC00B2B76B235004EB54B /* empikUITestsLaunchTests.swift */; };
		89CFC0392B76B728004EB54B /* RxBlocking in Frameworks */ = {isa = PBXBuildFile; productRef = 89CFC0382B76B728004EB54B /* RxBlocking */; };
		89CFC03B2B76B728004EB54B /* RxBlocking-Dynamic in Frameworks */ = {isa = PBXBuildFile; productRef = 89CFC03A2B76B728004EB54B /* RxBlocking-Dynamic */; };
		89CFC03D2B76B728004EB54B /* RxCocoa in Frameworks */ = {isa = PBXBuildFile; productRef = 89CFC03C2B76B728004EB54B /* RxCocoa */; };
		89CFC03F2B76B728004EB54B /* RxCocoa-Dynamic in Frameworks */ = {isa = PBXBuildFile; productRef = 89CFC03E2B76B728004EB54B /* RxCocoa-Dynamic */; };
		89CFC0412B76B728004EB54B /* RxRelay in Frameworks */ = {isa = PBXBuildFile; productRef = 89CFC0402B76B728004EB54B /* RxRelay */; };
		89CFC0432B76B728004EB54B /* RxRelay-Dynamic in Frameworks */ = {isa = PBXBuildFile; productRef = 89CFC0422B76B728004EB54B /* RxRelay-Dynamic */; };
		89CFC0452B76B728004EB54B /* RxSwift in Frameworks */ = {isa = PBXBuildFile; productRef = 89CFC0442B76B728004EB54B /* RxSwift */; };
		89CFC0472B76B728004EB54B /* RxSwift-Dynamic in Frameworks */ = {isa = PBXBuildFile; productRef = 89CFC0462B76B728004EB54B /* RxSwift-Dynamic */; };
		89CFC0492B76B728004EB54B /* RxTest in Frameworks */ = {isa = PBXBuildFile; productRef = 89CFC0482B76B728004EB54B /* RxTest */; };
		89CFC04B2B76B728004EB54B /* RxTest-Dynamic in Frameworks */ = {isa = PBXBuildFile; productRef = 89CFC04A2B76B728004EB54B /* RxTest-Dynamic */; };
		89CFC04E2B76B733004EB54B /* Alamofire in Frameworks */ = {isa = PBXBuildFile; productRef = 89CFC04D2B76B733004EB54B /* Alamofire */; };
		89CFC0512B76BB09004EB54B /* Nimble in Frameworks */ = {isa = PBXBuildFile; productRef = 89CFC0502B76BB09004EB54B /* Nimble */; };
		89CFC0542B76C2E2004EB54B /* NetworkingManager.swift in Sources */ = {isa = PBXBuildFile; fileRef = 89CFC0532B76C2E2004EB54B /* NetworkingManager.swift */; };
		89CFC0582B76C513004EB54B /* CitySearchView.swift in Sources */ = {isa = PBXBuildFile; fileRef = 89CFC0572B76C513004EB54B /* CitySearchView.swift */; };
		89CFC05A2B76C526004EB54B /* CitySearchViewModel.swift in Sources */ = {isa = PBXBuildFile; fileRef = 89CFC0592B76C526004EB54B /* CitySearchViewModel.swift */; };
		89CFC05C2B76D3FF004EB54B /* CitySearchView+TableViewDataSource.swift in Sources */ = {isa = PBXBuildFile; fileRef = 89CFC05B2B76D3FF004EB54B /* CitySearchView+TableViewDataSource.swift */; };
		89CFC05F2B76D589004EB54B /* City.swift in Sources */ = {isa = PBXBuildFile; fileRef = 89CFC05E2B76D589004EB54B /* City.swift */; };
		89CFC0622B76DC50004EB54B /* CityCell.swift in Sources */ = {isa = PBXBuildFile; fileRef = 89CFC0612B76DC50004EB54B /* CityCell.swift */; };
		89CFC0642B76E292004EB54B /* CitySearchView+TableViewDelegate.swift in Sources */ = {isa = PBXBuildFile; fileRef = 89CFC0632B76E292004EB54B /* CitySearchView+TableViewDelegate.swift */; };
		89CFC0662B76E59F004EB54B /* EmptyView.swift in Sources */ = {isa = PBXBuildFile; fileRef = 89CFC0652B76E59F004EB54B /* EmptyView.swift */; };
		89CFC0682B76EB38004EB54B /* CitySearchView+SearchBarDelegate.swift in Sources */ = {isa = PBXBuildFile; fileRef = 89CFC0672B76EB38004EB54B /* CitySearchView+SearchBarDelegate.swift */; };
		89CFC06C2B76F9AD004EB54B /* ForecastResponse.swift in Sources */ = {isa = PBXBuildFile; fileRef = 89CFC06B2B76F9AD004EB54B /* ForecastResponse.swift */; };
		89CFC06E2B76F9FC004EB54B /* ForecastCity.swift in Sources */ = {isa = PBXBuildFile; fileRef = 89CFC06D2B76F9FC004EB54B /* ForecastCity.swift */; };
		89CFC0702B76FA37004EB54B /* ForecastCityCoordinates.swift in Sources */ = {isa = PBXBuildFile; fileRef = 89CFC06F2B76FA37004EB54B /* ForecastCityCoordinates.swift */; };
		89CFC0722B76FA89004EB54B /* ForecastEntry.swift in Sources */ = {isa = PBXBuildFile; fileRef = 89CFC0712B76FA89004EB54B /* ForecastEntry.swift */; };
		89CFC0752B76FC46004EB54B /* TemperatureDetails.swift in Sources */ = {isa = PBXBuildFile; fileRef = 89CFC0742B76FC46004EB54B /* TemperatureDetails.swift */; };
		89CFC0782B76FCDC004EB54B /* WeatherDetails.swift in Sources */ = {isa = PBXBuildFile; fileRef = 89CFC0772B76FCDC004EB54B /* WeatherDetails.swift */; };
		89CFC07A2B76FD0E004EB54B /* CloudsDetails.swift in Sources */ = {isa = PBXBuildFile; fileRef = 89CFC0792B76FD0E004EB54B /* CloudsDetails.swift */; };
		89CFC07C2B76FD31004EB54B /* WindDetails.swift in Sources */ = {isa = PBXBuildFile; fileRef = 89CFC07B2B76FD31004EB54B /* WindDetails.swift */; };
		89CFC07E2B76FD50004EB54B /* SysDetails.swift in Sources */ = {isa = PBXBuildFile; fileRef = 89CFC07D2B76FD50004EB54B /* SysDetails.swift */; };
		89CFC0842B779F28004EB54B /* ForecastDetailsView.swift in Sources */ = {isa = PBXBuildFile; fileRef = 89CFC0832B779F28004EB54B /* ForecastDetailsView.swift */; };
		89CFC0862B779F4E004EB54B /* ForecastDetailsViewModel.swift in Sources */ = {isa = PBXBuildFile; fileRef = 89CFC0852B779F4E004EB54B /* ForecastDetailsViewModel.swift */; };
		89CFC0892B77A1AC004EB54B /* ForecastCoordinator.swift in Sources */ = {isa = PBXBuildFile; fileRef = 89CFC0882B77A1AC004EB54B /* ForecastCoordinator.swift */; };
		89CFC08B2B77A44F004EB54B /* ForecastCoordinatorComponentsFactory.swift in Sources */ = {isa = PBXBuildFile; fileRef = 89CFC08A2B77A44F004EB54B /* ForecastCoordinatorComponentsFactory.swift */; };
/* End PBXBuildFile section */

/* Begin PBXContainerItemProxy section */
		89CFBFFC2B76B235004EB54B /* PBXContainerItemProxy */ = {
			isa = PBXContainerItemProxy;
			containerPortal = 89CFBFDD2B76B233004EB54B /* Project object */;
			proxyType = 1;
			remoteGlobalIDString = 89CFBFE42B76B233004EB54B;
			remoteInfo = empik;
		};
		89CFC0062B76B235004EB54B /* PBXContainerItemProxy */ = {
			isa = PBXContainerItemProxy;
			containerPortal = 89CFBFDD2B76B233004EB54B /* Project object */;
			proxyType = 1;
			remoteGlobalIDString = 89CFBFE42B76B233004EB54B;
			remoteInfo = empik;
		};
/* End PBXContainerItemProxy section */

/* Begin PBXFileReference section */
		89CFBFE52B76B233004EB54B /* empik.app */ = {isa = PBXFileReference; explicitFileType = wrapper.application; includeInIndex = 0; path = empik.app; sourceTree = BUILT_PRODUCTS_DIR; };
		89CFBFE82B76B233004EB54B /* AppDelegate.swift */ = {isa = PBXFileReference; lastKnownFileType = sourcecode.swift; path = AppDelegate.swift; sourceTree = "<group>"; };
		89CFBFEA2B76B233004EB54B /* SceneDelegate.swift */ = {isa = PBXFileReference; lastKnownFileType = sourcecode.swift; path = SceneDelegate.swift; sourceTree = "<group>"; };
		89CFBFF12B76B235004EB54B /* Assets.xcassets */ = {isa = PBXFileReference; lastKnownFileType = folder.assetcatalog; path = Assets.xcassets; sourceTree = "<group>"; };
		89CFBFF42B76B235004EB54B /* Base */ = {isa = PBXFileReference; lastKnownFileType = file.storyboard; name = Base; path = Base.lproj/LaunchScreen.storyboard; sourceTree = "<group>"; };
		89CFBFF62B76B235004EB54B /* Info.plist */ = {isa = PBXFileReference; lastKnownFileType = text.plist.xml; path = Info.plist; sourceTree = "<group>"; };
		89CFBFFB2B76B235004EB54B /* empikTests.xctest */ = {isa = PBXFileReference; explicitFileType = wrapper.cfbundle; includeInIndex = 0; path = empikTests.xctest; sourceTree = BUILT_PRODUCTS_DIR; };
		89CFBFFF2B76B235004EB54B /* empikTests.swift */ = {isa = PBXFileReference; lastKnownFileType = sourcecode.swift; path = empikTests.swift; sourceTree = "<group>"; };
		89CFC0052B76B235004EB54B /* empikUITests.xctest */ = {isa = PBXFileReference; explicitFileType = wrapper.cfbundle; includeInIndex = 0; path = empikUITests.xctest; sourceTree = BUILT_PRODUCTS_DIR; };
		89CFC0092B76B235004EB54B /* empikUITests.swift */ = {isa = PBXFileReference; lastKnownFileType = sourcecode.swift; path = empikUITests.swift; sourceTree = "<group>"; };
		89CFC00B2B76B235004EB54B /* empikUITestsLaunchTests.swift */ = {isa = PBXFileReference; lastKnownFileType = sourcecode.swift; path = empikUITestsLaunchTests.swift; sourceTree = "<group>"; };
		89CFC0532B76C2E2004EB54B /* NetworkingManager.swift */ = {isa = PBXFileReference; lastKnownFileType = sourcecode.swift; path = NetworkingManager.swift; sourceTree = "<group>"; };
		89CFC0572B76C513004EB54B /* CitySearchView.swift */ = {isa = PBXFileReference; lastKnownFileType = sourcecode.swift; path = CitySearchView.swift; sourceTree = "<group>"; };
		89CFC0592B76C526004EB54B /* CitySearchViewModel.swift */ = {isa = PBXFileReference; lastKnownFileType = sourcecode.swift; path = CitySearchViewModel.swift; sourceTree = "<group>"; };
		89CFC05B2B76D3FF004EB54B /* CitySearchView+TableViewDataSource.swift */ = {isa = PBXFileReference; lastKnownFileType = sourcecode.swift; path = "CitySearchView+TableViewDataSource.swift"; sourceTree = "<group>"; };
		89CFC05E2B76D589004EB54B /* City.swift */ = {isa = PBXFileReference; lastKnownFileType = sourcecode.swift; path = City.swift; sourceTree = "<group>"; };
		89CFC0612B76DC50004EB54B /* CityCell.swift */ = {isa = PBXFileReference; lastKnownFileType = sourcecode.swift; path = CityCell.swift; sourceTree = "<group>"; };
		89CFC0632B76E292004EB54B /* CitySearchView+TableViewDelegate.swift */ = {isa = PBXFileReference; lastKnownFileType = sourcecode.swift; path = "CitySearchView+TableViewDelegate.swift"; sourceTree = "<group>"; };
		89CFC0652B76E59F004EB54B /* EmptyView.swift */ = {isa = PBXFileReference; lastKnownFileType = sourcecode.swift; path = EmptyView.swift; sourceTree = "<group>"; };
		89CFC0672B76EB38004EB54B /* CitySearchView+SearchBarDelegate.swift */ = {isa = PBXFileReference; lastKnownFileType = sourcecode.swift; path = "CitySearchView+SearchBarDelegate.swift"; sourceTree = "<group>"; };
		89CFC06B2B76F9AD004EB54B /* ForecastResponse.swift */ = {isa = PBXFileReference; lastKnownFileType = sourcecode.swift; path = ForecastResponse.swift; sourceTree = "<group>"; };
		89CFC06D2B76F9FC004EB54B /* ForecastCity.swift */ = {isa = PBXFileReference; lastKnownFileType = sourcecode.swift; path = ForecastCity.swift; sourceTree = "<group>"; };
		89CFC06F2B76FA37004EB54B /* ForecastCityCoordinates.swift */ = {isa = PBXFileReference; lastKnownFileType = sourcecode.swift; path = ForecastCityCoordinates.swift; sourceTree = "<group>"; };
		89CFC0712B76FA89004EB54B /* ForecastEntry.swift */ = {isa = PBXFileReference; lastKnownFileType = sourcecode.swift; path = ForecastEntry.swift; sourceTree = "<group>"; };
		89CFC0742B76FC46004EB54B /* TemperatureDetails.swift */ = {isa = PBXFileReference; lastKnownFileType = sourcecode.swift; path = TemperatureDetails.swift; sourceTree = "<group>"; };
		89CFC0772B76FCDC004EB54B /* WeatherDetails.swift */ = {isa = PBXFileReference; lastKnownFileType = sourcecode.swift; path = WeatherDetails.swift; sourceTree = "<group>"; };
		89CFC0792B76FD0E004EB54B /* CloudsDetails.swift */ = {isa = PBXFileReference; lastKnownFileType = sourcecode.swift; path = CloudsDetails.swift; sourceTree = "<group>"; };
		89CFC07B2B76FD31004EB54B /* WindDetails.swift */ = {isa = PBXFileReference; lastKnownFileType = sourcecode.swift; path = WindDetails.swift; sourceTree = "<group>"; };
		89CFC07D2B76FD50004EB54B /* SysDetails.swift */ = {isa = PBXFileReference; lastKnownFileType = sourcecode.swift; path = SysDetails.swift; sourceTree = "<group>"; };
		89CFC0832B779F28004EB54B /* ForecastDetailsView.swift */ = {isa = PBXFileReference; lastKnownFileType = sourcecode.swift; path = ForecastDetailsView.swift; sourceTree = "<group>"; };
		89CFC0852B779F4E004EB54B /* ForecastDetailsViewModel.swift */ = {isa = PBXFileReference; lastKnownFileType = sourcecode.swift; path = ForecastDetailsViewModel.swift; sourceTree = "<group>"; };
		89CFC0882B77A1AC004EB54B /* ForecastCoordinator.swift */ = {isa = PBXFileReference; lastKnownFileType = sourcecode.swift; path = ForecastCoordinator.swift; sourceTree = "<group>"; };
		89CFC08A2B77A44F004EB54B /* ForecastCoordinatorComponentsFactory.swift */ = {isa = PBXFileReference; lastKnownFileType = sourcecode.swift; path = ForecastCoordinatorComponentsFactory.swift; sourceTree = "<group>"; };
/* End PBXFileReference section */

/* Begin PBXFrameworksBuildPhase section */
		89CFBFE22B76B233004EB54B /* Frameworks */ = {
			isa = PBXFrameworksBuildPhase;
			buildActionMask = 2147483647;
			files = (
				89CFC0412B76B728004EB54B /* RxRelay in Frameworks */,
				89CFC0472B76B728004EB54B /* RxSwift-Dynamic in Frameworks */,
				89CFC03B2B76B728004EB54B /* RxBlocking-Dynamic in Frameworks */,
				89CFC03F2B76B728004EB54B /* RxCocoa-Dynamic in Frameworks */,
				89CFC04E2B76B733004EB54B /* Alamofire in Frameworks */,
				89CFC03D2B76B728004EB54B /* RxCocoa in Frameworks */,
				89CFC0432B76B728004EB54B /* RxRelay-Dynamic in Frameworks */,
				89CFC0452B76B728004EB54B /* RxSwift in Frameworks */,
				89CFC0392B76B728004EB54B /* RxBlocking in Frameworks */,
			);
			runOnlyForDeploymentPostprocessing = 0;
		};
		89CFBFF82B76B235004EB54B /* Frameworks */ = {
			isa = PBXFrameworksBuildPhase;
			buildActionMask = 2147483647;
			files = (
				89CFC0512B76BB09004EB54B /* Nimble in Frameworks */,
				89CFC04B2B76B728004EB54B /* RxTest-Dynamic in Frameworks */,
				89CFC0492B76B728004EB54B /* RxTest in Frameworks */,
			);
			runOnlyForDeploymentPostprocessing = 0;
		};
		89CFC0022B76B235004EB54B /* Frameworks */ = {
			isa = PBXFrameworksBuildPhase;
			buildActionMask = 2147483647;
			files = (
			);
			runOnlyForDeploymentPostprocessing = 0;
		};
/* End PBXFrameworksBuildPhase section */

/* Begin PBXGroup section */
		89CFBFDC2B76B233004EB54B = {
			isa = PBXGroup;
			children = (
				89CFBFE72B76B233004EB54B /* empik */,
				89CFBFFE2B76B235004EB54B /* empikTests */,
				89CFC0082B76B235004EB54B /* empikUITests */,
				89CFBFE62B76B233004EB54B /* Products */,
			);
			sourceTree = "<group>";
		};
		89CFBFE62B76B233004EB54B /* Products */ = {
			isa = PBXGroup;
			children = (
				89CFBFE52B76B233004EB54B /* empik.app */,
				89CFBFFB2B76B235004EB54B /* empikTests.xctest */,
				89CFC0052B76B235004EB54B /* empikUITests.xctest */,
			);
			name = Products;
			sourceTree = "<group>";
		};
		89CFBFE72B76B233004EB54B /* empik */ = {
			isa = PBXGroup;
			children = (
				89CFC05D2B76D57B004EB54B /* Models */,
				89CFC0552B76C4B7004EB54B /* Screens */,
				89CFC0522B76C2D5004EB54B /* Managers */,
				89CFC0872B77A12F004EB54B /* Coordinators */,
				89CFBFEA2B76B233004EB54B /* SceneDelegate.swift */,
				89CFBFE82B76B233004EB54B /* AppDelegate.swift */,
				89CFBFF12B76B235004EB54B /* Assets.xcassets */,
				89CFBFF32B76B235004EB54B /* LaunchScreen.storyboard */,
				89CFBFF62B76B235004EB54B /* Info.plist */,
			);
			path = empik;
			sourceTree = "<group>";
		};
		89CFBFFE2B76B235004EB54B /* empikTests */ = {
			isa = PBXGroup;
			children = (
				89CFBFFF2B76B235004EB54B /* empikTests.swift */,
			);
			path = empikTests;
			sourceTree = "<group>";
		};
		89CFC0082B76B235004EB54B /* empikUITests */ = {
			isa = PBXGroup;
			children = (
				89CFC0092B76B235004EB54B /* empikUITests.swift */,
				89CFC00B2B76B235004EB54B /* empikUITestsLaunchTests.swift */,
			);
			path = empikUITests;
			sourceTree = "<group>";
		};
		89CFC0522B76C2D5004EB54B /* Managers */ = {
			isa = PBXGroup;
			children = (
				89CFC0532B76C2E2004EB54B /* NetworkingManager.swift */,
			);
			path = Managers;
			sourceTree = "<group>";
		};
		89CFC0552B76C4B7004EB54B /* Screens */ = {
			isa = PBXGroup;
			children = (
				89CFC0822B779F18004EB54B /* ForecastDetailsScreen */,
				89CFC0562B76C4BD004EB54B /* CitySearchScreen */,
			);
			path = Screens;
			sourceTree = "<group>";
		};
		89CFC0562B76C4BD004EB54B /* CitySearchScreen */ = {
			isa = PBXGroup;
			children = (
				89CFC0602B76DC40004EB54B /* views */,
				89CFC0592B76C526004EB54B /* CitySearchViewModel.swift */,
				89CFC0572B76C513004EB54B /* CitySearchView.swift */,
				89CFC0672B76EB38004EB54B /* CitySearchView+SearchBarDelegate.swift */,
				89CFC05B2B76D3FF004EB54B /* CitySearchView+TableViewDataSource.swift */,
				89CFC0632B76E292004EB54B /* CitySearchView+TableViewDelegate.swift */,
			);
			path = CitySearchScreen;
			sourceTree = "<group>";
		};
		89CFC05D2B76D57B004EB54B /* Models */ = {
			isa = PBXGroup;
			children = (
				89CFC0762B76FC97004EB54B /* ForecastModels */,
				89CFC05E2B76D589004EB54B /* City.swift */,
			);
			path = Models;
			sourceTree = "<group>";
		};
		89CFC0602B76DC40004EB54B /* views */ = {
			isa = PBXGroup;
			children = (
				89CFC0612B76DC50004EB54B /* CityCell.swift */,
				89CFC0652B76E59F004EB54B /* EmptyView.swift */,
			);
			path = views;
			sourceTree = "<group>";
		};
		89CFC0732B76FC3A004EB54B /* ForecastEntryModels */ = {
			isa = PBXGroup;
			children = (
				89CFC0742B76FC46004EB54B /* TemperatureDetails.swift */,
				89CFC0772B76FCDC004EB54B /* WeatherDetails.swift */,
				89CFC0792B76FD0E004EB54B /* CloudsDetails.swift */,
				89CFC07B2B76FD31004EB54B /* WindDetails.swift */,
				89CFC07D2B76FD50004EB54B /* SysDetails.swift */,
			);
			path = ForecastEntryModels;
			sourceTree = "<group>";
		};
		89CFC0762B76FC97004EB54B /* ForecastModels */ = {
			isa = PBXGroup;
			children = (
				89CFC0732B76FC3A004EB54B /* ForecastEntryModels */,
				89CFC06D2B76F9FC004EB54B /* ForecastCity.swift */,
				89CFC06F2B76FA37004EB54B /* ForecastCityCoordinates.swift */,
				89CFC0712B76FA89004EB54B /* ForecastEntry.swift */,
				89CFC06B2B76F9AD004EB54B /* ForecastResponse.swift */,
			);
			path = ForecastModels;
			sourceTree = "<group>";
		};
		89CFC0822B779F18004EB54B /* ForecastDetailsScreen */ = {
			isa = PBXGroup;
			children = (
				89CFC0832B779F28004EB54B /* ForecastDetailsView.swift */,
				89CFC0852B779F4E004EB54B /* ForecastDetailsViewModel.swift */,
			);
			path = ForecastDetailsScreen;
			sourceTree = "<group>";
		};
		89CFC0872B77A12F004EB54B /* Coordinators */ = {
			isa = PBXGroup;
			children = (
				89CFC0882B77A1AC004EB54B /* ForecastCoordinator.swift */,
				89CFC08A2B77A44F004EB54B /* ForecastCoordinatorComponentsFactory.swift */,
			);
			path = Coordinators;
			sourceTree = "<group>";
		};
/* End PBXGroup section */

/* Begin PBXNativeTarget section */
		89CFBFE42B76B233004EB54B /* empik */ = {
			isa = PBXNativeTarget;
			buildConfigurationList = 89CFC00F2B76B235004EB54B /* Build configuration list for PBXNativeTarget "empik" */;
			buildPhases = (
				89CFBFE12B76B233004EB54B /* Sources */,
				89CFBFE22B76B233004EB54B /* Frameworks */,
				89CFBFE32B76B233004EB54B /* Resources */,
			);
			buildRules = (
			);
			dependencies = (
			);
			name = empik;
			packageProductDependencies = (
				89CFC0382B76B728004EB54B /* RxBlocking */,
				89CFC03A2B76B728004EB54B /* RxBlocking-Dynamic */,
				89CFC03C2B76B728004EB54B /* RxCocoa */,
				89CFC03E2B76B728004EB54B /* RxCocoa-Dynamic */,
				89CFC0402B76B728004EB54B /* RxRelay */,
				89CFC0422B76B728004EB54B /* RxRelay-Dynamic */,
				89CFC0442B76B728004EB54B /* RxSwift */,
				89CFC0462B76B728004EB54B /* RxSwift-Dynamic */,
				89CFC04D2B76B733004EB54B /* Alamofire */,
			);
			productName = empik;
			productReference = 89CFBFE52B76B233004EB54B /* empik.app */;
			productType = "com.apple.product-type.application";
		};
		89CFBFFA2B76B235004EB54B /* empikTests */ = {
			isa = PBXNativeTarget;
			buildConfigurationList = 89CFC0122B76B235004EB54B /* Build configuration list for PBXNativeTarget "empikTests" */;
			buildPhases = (
				89CFBFF72B76B235004EB54B /* Sources */,
				89CFBFF82B76B235004EB54B /* Frameworks */,
				89CFBFF92B76B235004EB54B /* Resources */,
			);
			buildRules = (
			);
			dependencies = (
				89CFBFFD2B76B235004EB54B /* PBXTargetDependency */,
			);
			name = empikTests;
			packageProductDependencies = (
				89CFC0482B76B728004EB54B /* RxTest */,
				89CFC04A2B76B728004EB54B /* RxTest-Dynamic */,
				89CFC0502B76BB09004EB54B /* Nimble */,
			);
			productName = empikTests;
			productReference = 89CFBFFB2B76B235004EB54B /* empikTests.xctest */;
			productType = "com.apple.product-type.bundle.unit-test";
		};
		89CFC0042B76B235004EB54B /* empikUITests */ = {
			isa = PBXNativeTarget;
			buildConfigurationList = 89CFC0152B76B235004EB54B /* Build configuration list for PBXNativeTarget "empikUITests" */;
			buildPhases = (
				89CFC0012B76B235004EB54B /* Sources */,
				89CFC0022B76B235004EB54B /* Frameworks */,
				89CFC0032B76B235004EB54B /* Resources */,
			);
			buildRules = (
			);
			dependencies = (
				89CFC0072B76B235004EB54B /* PBXTargetDependency */,
			);
			name = empikUITests;
			productName = empikUITests;
			productReference = 89CFC0052B76B235004EB54B /* empikUITests.xctest */;
			productType = "com.apple.product-type.bundle.ui-testing";
		};
/* End PBXNativeTarget section */

/* Begin PBXProject section */
		89CFBFDD2B76B233004EB54B /* Project object */ = {
			isa = PBXProject;
			attributes = {
				BuildIndependentTargetsInParallel = 1;
				LastSwiftUpdateCheck = 1510;
				LastUpgradeCheck = 1510;
				TargetAttributes = {
					89CFBFE42B76B233004EB54B = {
						CreatedOnToolsVersion = 15.1;
					};
					89CFBFFA2B76B235004EB54B = {
						CreatedOnToolsVersion = 15.1;
						TestTargetID = 89CFBFE42B76B233004EB54B;
					};
					89CFC0042B76B235004EB54B = {
						CreatedOnToolsVersion = 15.1;
						TestTargetID = 89CFBFE42B76B233004EB54B;
					};
				};
			};
			buildConfigurationList = 89CFBFE02B76B233004EB54B /* Build configuration list for PBXProject "empik" */;
			compatibilityVersion = "Xcode 14.0";
			developmentRegion = en;
			hasScannedForEncodings = 0;
			knownRegions = (
				en,
				Base,
			);
			mainGroup = 89CFBFDC2B76B233004EB54B;
			packageReferences = (
				89CFC0372B76B728004EB54B /* XCRemoteSwiftPackageReference "RxSwift" */,
				89CFC04C2B76B733004EB54B /* XCRemoteSwiftPackageReference "Alamofire" */,
				89CFC04F2B76BB09004EB54B /* XCRemoteSwiftPackageReference "Nimble" */,
			);
			productRefGroup = 89CFBFE62B76B233004EB54B /* Products */;
			projectDirPath = "";
			projectRoot = "";
			targets = (
				89CFBFE42B76B233004EB54B /* empik */,
				89CFBFFA2B76B235004EB54B /* empikTests */,
				89CFC0042B76B235004EB54B /* empikUITests */,
			);
		};
/* End PBXProject section */

/* Begin PBXResourcesBuildPhase section */
		89CFBFE32B76B233004EB54B /* Resources */ = {
			isa = PBXResourcesBuildPhase;
			buildActionMask = 2147483647;
			files = (
				89CFBFF52B76B235004EB54B /* LaunchScreen.storyboard in Resources */,
				89CFBFF22B76B235004EB54B /* Assets.xcassets in Resources */,
			);
			runOnlyForDeploymentPostprocessing = 0;
		};
		89CFBFF92B76B235004EB54B /* Resources */ = {
			isa = PBXResourcesBuildPhase;
			buildActionMask = 2147483647;
			files = (
			);
			runOnlyForDeploymentPostprocessing = 0;
		};
		89CFC0032B76B235004EB54B /* Resources */ = {
			isa = PBXResourcesBuildPhase;
			buildActionMask = 2147483647;
			files = (
			);
			runOnlyForDeploymentPostprocessing = 0;
		};
/* End PBXResourcesBuildPhase section */

/* Begin PBXSourcesBuildPhase section */
		89CFBFE12B76B233004EB54B /* Sources */ = {
			isa = PBXSourcesBuildPhase;
			buildActionMask = 2147483647;
			files = (
				89CFC0782B76FCDC004EB54B /* WeatherDetails.swift in Sources */,
				89CFC0542B76C2E2004EB54B /* NetworkingManager.swift in Sources */,
				89CFC0682B76EB38004EB54B /* CitySearchView+SearchBarDelegate.swift in Sources */,
				89CFC0642B76E292004EB54B /* CitySearchView+TableViewDelegate.swift in Sources */,
				89CFC0842B779F28004EB54B /* ForecastDetailsView.swift in Sources */,
				89CFC0892B77A1AC004EB54B /* ForecastCoordinator.swift in Sources */,
				89CFC06C2B76F9AD004EB54B /* ForecastResponse.swift in Sources */,
				89CFBFE92B76B233004EB54B /* AppDelegate.swift in Sources */,
				89CFC07A2B76FD0E004EB54B /* CloudsDetails.swift in Sources */,
				89CFC0862B779F4E004EB54B /* ForecastDetailsViewModel.swift in Sources */,
				89CFC0722B76FA89004EB54B /* ForecastEntry.swift in Sources */,
				89CFC07C2B76FD31004EB54B /* WindDetails.swift in Sources */,
				89CFC0622B76DC50004EB54B /* CityCell.swift in Sources */,
				89CFC0752B76FC46004EB54B /* TemperatureDetails.swift in Sources */,
				89CFC05C2B76D3FF004EB54B /* CitySearchView+TableViewDataSource.swift in Sources */,
				89CFBFEB2B76B233004EB54B /* SceneDelegate.swift in Sources */,
				89CFC0662B76E59F004EB54B /* EmptyView.swift in Sources */,
				89CFC0702B76FA37004EB54B /* ForecastCityCoordinates.swift in Sources */,
				89CFC0582B76C513004EB54B /* CitySearchView.swift in Sources */,
				89CFC07E2B76FD50004EB54B /* SysDetails.swift in Sources */,
				89CFC06E2B76F9FC004EB54B /* ForecastCity.swift in Sources */,
				89CFC05A2B76C526004EB54B /* CitySearchViewModel.swift in Sources */,
				89CFC08B2B77A44F004EB54B /* ForecastCoordinatorComponentsFactory.swift in Sources */,
				89CFC05F2B76D589004EB54B /* City.swift in Sources */,
			);
			runOnlyForDeploymentPostprocessing = 0;
		};
		89CFBFF72B76B235004EB54B /* Sources */ = {
			isa = PBXSourcesBuildPhase;
			buildActionMask = 2147483647;
			files = (
				89CFC0002B76B235004EB54B /* empikTests.swift in Sources */,
			);
			runOnlyForDeploymentPostprocessing = 0;
		};
		89CFC0012B76B235004EB54B /* Sources */ = {
			isa = PBXSourcesBuildPhase;
			buildActionMask = 2147483647;
			files = (
				89CFC00A2B76B235004EB54B /* empikUITests.swift in Sources */,
				89CFC00C2B76B235004EB54B /* empikUITestsLaunchTests.swift in Sources */,
			);
			runOnlyForDeploymentPostprocessing = 0;
		};
/* End PBXSourcesBuildPhase section */

/* Begin PBXTargetDependency section */
		89CFBFFD2B76B235004EB54B /* PBXTargetDependency */ = {
			isa = PBXTargetDependency;
			target = 89CFBFE42B76B233004EB54B /* empik */;
			targetProxy = 89CFBFFC2B76B235004EB54B /* PBXContainerItemProxy */;
		};
		89CFC0072B76B235004EB54B /* PBXTargetDependency */ = {
			isa = PBXTargetDependency;
			target = 89CFBFE42B76B233004EB54B /* empik */;
			targetProxy = 89CFC0062B76B235004EB54B /* PBXContainerItemProxy */;
		};
/* End PBXTargetDependency section */

/* Begin PBXVariantGroup section */
		89CFBFF32B76B235004EB54B /* LaunchScreen.storyboard */ = {
			isa = PBXVariantGroup;
			children = (
				89CFBFF42B76B235004EB54B /* Base */,
			);
			name = LaunchScreen.storyboard;
			sourceTree = "<group>";
		};
/* End PBXVariantGroup section */

/* Begin XCBuildConfiguration section */
		89CFC00D2B76B235004EB54B /* Debug */ = {
			isa = XCBuildConfiguration;
			buildSettings = {
				ALWAYS_SEARCH_USER_PATHS = NO;
				ASSETCATALOG_COMPILER_GENERATE_SWIFT_ASSET_SYMBOL_EXTENSIONS = YES;
				CLANG_ANALYZER_NONNULL = YES;
				CLANG_ANALYZER_NUMBER_OBJECT_CONVERSION = YES_AGGRESSIVE;
				CLANG_CXX_LANGUAGE_STANDARD = "gnu++20";
				CLANG_ENABLE_MODULES = YES;
				CLANG_ENABLE_OBJC_ARC = YES;
				CLANG_ENABLE_OBJC_WEAK = YES;
				CLANG_WARN_BLOCK_CAPTURE_AUTORELEASING = YES;
				CLANG_WARN_BOOL_CONVERSION = YES;
				CLANG_WARN_COMMA = YES;
				CLANG_WARN_CONSTANT_CONVERSION = YES;
				CLANG_WARN_DEPRECATED_OBJC_IMPLEMENTATIONS = YES;
				CLANG_WARN_DIRECT_OBJC_ISA_USAGE = YES_ERROR;
				CLANG_WARN_DOCUMENTATION_COMMENTS = YES;
				CLANG_WARN_EMPTY_BODY = YES;
				CLANG_WARN_ENUM_CONVERSION = YES;
				CLANG_WARN_INFINITE_RECURSION = YES;
				CLANG_WARN_INT_CONVERSION = YES;
				CLANG_WARN_NON_LITERAL_NULL_CONVERSION = YES;
				CLANG_WARN_OBJC_IMPLICIT_RETAIN_SELF = YES;
				CLANG_WARN_OBJC_LITERAL_CONVERSION = YES;
				CLANG_WARN_OBJC_ROOT_CLASS = YES_ERROR;
				CLANG_WARN_QUOTED_INCLUDE_IN_FRAMEWORK_HEADER = YES;
				CLANG_WARN_RANGE_LOOP_ANALYSIS = YES;
				CLANG_WARN_STRICT_PROTOTYPES = YES;
				CLANG_WARN_SUSPICIOUS_MOVE = YES;
				CLANG_WARN_UNGUARDED_AVAILABILITY = YES_AGGRESSIVE;
				CLANG_WARN_UNREACHABLE_CODE = YES;
				CLANG_WARN__DUPLICATE_METHOD_MATCH = YES;
				COPY_PHASE_STRIP = NO;
				DEBUG_INFORMATION_FORMAT = dwarf;
				ENABLE_STRICT_OBJC_MSGSEND = YES;
				ENABLE_TESTABILITY = YES;
				ENABLE_TESTING_SEARCH_PATHS = YES;
				ENABLE_USER_SCRIPT_SANDBOXING = YES;
				GCC_C_LANGUAGE_STANDARD = gnu17;
				GCC_DYNAMIC_NO_PIC = NO;
				GCC_NO_COMMON_BLOCKS = YES;
				GCC_OPTIMIZATION_LEVEL = 0;
				GCC_PREPROCESSOR_DEFINITIONS = (
					"DEBUG=1",
					"$(inherited)",
				);
				GCC_WARN_64_TO_32_BIT_CONVERSION = YES;
				GCC_WARN_ABOUT_RETURN_TYPE = YES_ERROR;
				GCC_WARN_UNDECLARED_SELECTOR = YES;
				GCC_WARN_UNINITIALIZED_AUTOS = YES_AGGRESSIVE;
				GCC_WARN_UNUSED_FUNCTION = YES;
				GCC_WARN_UNUSED_VARIABLE = YES;
				LOCALIZATION_PREFERS_STRING_CATALOGS = YES;
				MTL_ENABLE_DEBUG_INFO = INCLUDE_SOURCE;
				MTL_FAST_MATH = YES;
				ONLY_ACTIVE_ARCH = YES;
				SDKROOT = iphoneos;
				SWIFT_ACTIVE_COMPILATION_CONDITIONS = "DEBUG $(inherited)";
				SWIFT_OPTIMIZATION_LEVEL = "-Onone";
			};
			name = Debug;
		};
		89CFC00E2B76B235004EB54B /* Release */ = {
			isa = XCBuildConfiguration;
			buildSettings = {
				ALWAYS_SEARCH_USER_PATHS = NO;
				ASSETCATALOG_COMPILER_GENERATE_SWIFT_ASSET_SYMBOL_EXTENSIONS = YES;
				CLANG_ANALYZER_NONNULL = YES;
				CLANG_ANALYZER_NUMBER_OBJECT_CONVERSION = YES_AGGRESSIVE;
				CLANG_CXX_LANGUAGE_STANDARD = "gnu++20";
				CLANG_ENABLE_MODULES = YES;
				CLANG_ENABLE_OBJC_ARC = YES;
				CLANG_ENABLE_OBJC_WEAK = YES;
				CLANG_WARN_BLOCK_CAPTURE_AUTORELEASING = YES;
				CLANG_WARN_BOOL_CONVERSION = YES;
				CLANG_WARN_COMMA = YES;
				CLANG_WARN_CONSTANT_CONVERSION = YES;
				CLANG_WARN_DEPRECATED_OBJC_IMPLEMENTATIONS = YES;
				CLANG_WARN_DIRECT_OBJC_ISA_USAGE = YES_ERROR;
				CLANG_WARN_DOCUMENTATION_COMMENTS = YES;
				CLANG_WARN_EMPTY_BODY = YES;
				CLANG_WARN_ENUM_CONVERSION = YES;
				CLANG_WARN_INFINITE_RECURSION = YES;
				CLANG_WARN_INT_CONVERSION = YES;
				CLANG_WARN_NON_LITERAL_NULL_CONVERSION = YES;
				CLANG_WARN_OBJC_IMPLICIT_RETAIN_SELF = YES;
				CLANG_WARN_OBJC_LITERAL_CONVERSION = YES;
				CLANG_WARN_OBJC_ROOT_CLASS = YES_ERROR;
				CLANG_WARN_QUOTED_INCLUDE_IN_FRAMEWORK_HEADER = YES;
				CLANG_WARN_RANGE_LOOP_ANALYSIS = YES;
				CLANG_WARN_STRICT_PROTOTYPES = YES;
				CLANG_WARN_SUSPICIOUS_MOVE = YES;
				CLANG_WARN_UNGUARDED_AVAILABILITY = YES_AGGRESSIVE;
				CLANG_WARN_UNREACHABLE_CODE = YES;
				CLANG_WARN__DUPLICATE_METHOD_MATCH = YES;
				COPY_PHASE_STRIP = NO;
				DEBUG_INFORMATION_FORMAT = "dwarf-with-dsym";
				ENABLE_NS_ASSERTIONS = NO;
				ENABLE_STRICT_OBJC_MSGSEND = YES;
				ENABLE_TESTING_SEARCH_PATHS = YES;
				ENABLE_USER_SCRIPT_SANDBOXING = YES;
				GCC_C_LANGUAGE_STANDARD = gnu17;
				GCC_NO_COMMON_BLOCKS = YES;
				GCC_WARN_64_TO_32_BIT_CONVERSION = YES;
				GCC_WARN_ABOUT_RETURN_TYPE = YES_ERROR;
				GCC_WARN_UNDECLARED_SELECTOR = YES;
				GCC_WARN_UNINITIALIZED_AUTOS = YES_AGGRESSIVE;
				GCC_WARN_UNUSED_FUNCTION = YES;
				GCC_WARN_UNUSED_VARIABLE = YES;
				LOCALIZATION_PREFERS_STRING_CATALOGS = YES;
				MTL_ENABLE_DEBUG_INFO = NO;
				MTL_FAST_MATH = YES;
				SDKROOT = iphoneos;
				SWIFT_COMPILATION_MODE = wholemodule;
				VALIDATE_PRODUCT = YES;
			};
			name = Release;
		};
		89CFC0102B76B235004EB54B /* Debug */ = {
			isa = XCBuildConfiguration;
			buildSettings = {
				ASSETCATALOG_COMPILER_APPICON_NAME = AppIcon;
				ASSETCATALOG_COMPILER_GLOBAL_ACCENT_COLOR_NAME = AccentColor;
				CODE_SIGN_STYLE = Automatic;
				CURRENT_PROJECT_VERSION = 1;
				DEVELOPMENT_TEAM = 4UR7736LJY;
				GENERATE_INFOPLIST_FILE = YES;
				INFOPLIST_FILE = empik/Info.plist;
				INFOPLIST_KEY_UIApplicationSupportsIndirectInputEvents = YES;
				INFOPLIST_KEY_UILaunchStoryboardName = LaunchScreen;
				INFOPLIST_KEY_UISupportedInterfaceOrientations_iPad = "UIInterfaceOrientationPortrait UIInterfaceOrientationPortraitUpsideDown UIInterfaceOrientationLandscapeLeft UIInterfaceOrientationLandscapeRight";
				INFOPLIST_KEY_UISupportedInterfaceOrientations_iPhone = "UIInterfaceOrientationPortrait UIInterfaceOrientationLandscapeLeft UIInterfaceOrientationLandscapeRight";
				IPHONEOS_DEPLOYMENT_TARGET = 13.0;
				LD_RUNPATH_SEARCH_PATHS = (
					"$(inherited)",
					"@executable_path/Frameworks",
				);
				MARKETING_VERSION = 1.0;
				PRODUCT_BUNDLE_IDENTIFIER = kudrynski.empik;
				PRODUCT_NAME = "$(TARGET_NAME)";
				SWIFT_EMIT_LOC_STRINGS = YES;
				SWIFT_VERSION = 5.0;
				TARGETED_DEVICE_FAMILY = "1,2";
			};
			name = Debug;
		};
		89CFC0112B76B235004EB54B /* Release */ = {
			isa = XCBuildConfiguration;
			buildSettings = {
				ASSETCATALOG_COMPILER_APPICON_NAME = AppIcon;
				ASSETCATALOG_COMPILER_GLOBAL_ACCENT_COLOR_NAME = AccentColor;
				CODE_SIGN_STYLE = Automatic;
				CURRENT_PROJECT_VERSION = 1;
				DEVELOPMENT_TEAM = 4UR7736LJY;
				GENERATE_INFOPLIST_FILE = YES;
				INFOPLIST_FILE = empik/Info.plist;
				INFOPLIST_KEY_UIApplicationSupportsIndirectInputEvents = YES;
				INFOPLIST_KEY_UILaunchStoryboardName = LaunchScreen;
				INFOPLIST_KEY_UISupportedInterfaceOrientations_iPad = "UIInterfaceOrientationPortrait UIInterfaceOrientationPortraitUpsideDown UIInterfaceOrientationLandscapeLeft UIInterfaceOrientationLandscapeRight";
				INFOPLIST_KEY_UISupportedInterfaceOrientations_iPhone = "UIInterfaceOrientationPortrait UIInterfaceOrientationLandscapeLeft UIInterfaceOrientationLandscapeRight";
				IPHONEOS_DEPLOYMENT_TARGET = 13.0;
				LD_RUNPATH_SEARCH_PATHS = (
					"$(inherited)",
					"@executable_path/Frameworks",
				);
				MARKETING_VERSION = 1.0;
				PRODUCT_BUNDLE_IDENTIFIER = kudrynski.empik;
				PRODUCT_NAME = "$(TARGET_NAME)";
				SWIFT_EMIT_LOC_STRINGS = YES;
				SWIFT_VERSION = 5.0;
				TARGETED_DEVICE_FAMILY = "1,2";
			};
			name = Release;
		};
		89CFC0132B76B235004EB54B /* Debug */ = {
			isa = XCBuildConfiguration;
			buildSettings = {
				ALWAYS_EMBED_SWIFT_STANDARD_LIBRARIES = YES;
				BUNDLE_LOADER = "$(TEST_HOST)";
				CODE_SIGN_STYLE = Automatic;
				CURRENT_PROJECT_VERSION = 1;
				DEVELOPMENT_TEAM = 4UR7736LJY;
				GENERATE_INFOPLIST_FILE = YES;
				IPHONEOS_DEPLOYMENT_TARGET = 17.2;
				MARKETING_VERSION = 1.0;
				PRODUCT_BUNDLE_IDENTIFIER = kudrynski.empikTests;
				PRODUCT_NAME = "$(TARGET_NAME)";
				SWIFT_EMIT_LOC_STRINGS = NO;
				SWIFT_VERSION = 5.0;
				TARGETED_DEVICE_FAMILY = "1,2";
				TEST_HOST = "$(BUILT_PRODUCTS_DIR)/empik.app/$(BUNDLE_EXECUTABLE_FOLDER_PATH)/empik";
			};
			name = Debug;
		};
		89CFC0142B76B235004EB54B /* Release */ = {
			isa = XCBuildConfiguration;
			buildSettings = {
				ALWAYS_EMBED_SWIFT_STANDARD_LIBRARIES = YES;
				BUNDLE_LOADER = "$(TEST_HOST)";
				CODE_SIGN_STYLE = Automatic;
				CURRENT_PROJECT_VERSION = 1;
				DEVELOPMENT_TEAM = 4UR7736LJY;
				GENERATE_INFOPLIST_FILE = YES;
				IPHONEOS_DEPLOYMENT_TARGET = 17.2;
				MARKETING_VERSION = 1.0;
				PRODUCT_BUNDLE_IDENTIFIER = kudrynski.empikTests;
				PRODUCT_NAME = "$(TARGET_NAME)";
				SWIFT_EMIT_LOC_STRINGS = NO;
				SWIFT_VERSION = 5.0;
				TARGETED_DEVICE_FAMILY = "1,2";
				TEST_HOST = "$(BUILT_PRODUCTS_DIR)/empik.app/$(BUNDLE_EXECUTABLE_FOLDER_PATH)/empik";
			};
			name = Release;
		};
		89CFC0162B76B235004EB54B /* Debug */ = {
			isa = XCBuildConfiguration;
			buildSettings = {
				ALWAYS_EMBED_SWIFT_STANDARD_LIBRARIES = YES;
				CODE_SIGN_STYLE = Automatic;
				CURRENT_PROJECT_VERSION = 1;
				DEVELOPMENT_TEAM = 4UR7736LJY;
				GENERATE_INFOPLIST_FILE = YES;
				MARKETING_VERSION = 1.0;
				PRODUCT_BUNDLE_IDENTIFIER = kudrynski.empikUITests;
				PRODUCT_NAME = "$(TARGET_NAME)";
				SWIFT_EMIT_LOC_STRINGS = NO;
				SWIFT_VERSION = 5.0;
				TARGETED_DEVICE_FAMILY = "1,2";
				TEST_TARGET_NAME = empik;
			};
			name = Debug;
		};
		89CFC0172B76B235004EB54B /* Release */ = {
			isa = XCBuildConfiguration;
			buildSettings = {
				ALWAYS_EMBED_SWIFT_STANDARD_LIBRARIES = YES;
				CODE_SIGN_STYLE = Automatic;
				CURRENT_PROJECT_VERSION = 1;
				DEVELOPMENT_TEAM = 4UR7736LJY;
				GENERATE_INFOPLIST_FILE = YES;
				MARKETING_VERSION = 1.0;
				PRODUCT_BUNDLE_IDENTIFIER = kudrynski.empikUITests;
				PRODUCT_NAME = "$(TARGET_NAME)";
				SWIFT_EMIT_LOC_STRINGS = NO;
				SWIFT_VERSION = 5.0;
				TARGETED_DEVICE_FAMILY = "1,2";
				TEST_TARGET_NAME = empik;
			};
			name = Release;
		};
/* End XCBuildConfiguration section */

/* Begin XCConfigurationList section */
		89CFBFE02B76B233004EB54B /* Build configuration list for PBXProject "empik" */ = {
			isa = XCConfigurationList;
			buildConfigurations = (
				89CFC00D2B76B235004EB54B /* Debug */,
				89CFC00E2B76B235004EB54B /* Release */,
			);
			defaultConfigurationIsVisible = 0;
			defaultConfigurationName = Release;
		};
		89CFC00F2B76B235004EB54B /* Build configuration list for PBXNativeTarget "empik" */ = {
			isa = XCConfigurationList;
			buildConfigurations = (
				89CFC0102B76B235004EB54B /* Debug */,
				89CFC0112B76B235004EB54B /* Release */,
			);
			defaultConfigurationIsVisible = 0;
			defaultConfigurationName = Release;
		};
		89CFC0122B76B235004EB54B /* Build configuration list for PBXNativeTarget "empikTests" */ = {
			isa = XCConfigurationList;
			buildConfigurations = (
				89CFC0132B76B235004EB54B /* Debug */,
				89CFC0142B76B235004EB54B /* Release */,
			);
			defaultConfigurationIsVisible = 0;
			defaultConfigurationName = Release;
		};
		89CFC0152B76B235004EB54B /* Build configuration list for PBXNativeTarget "empikUITests" */ = {
			isa = XCConfigurationList;
			buildConfigurations = (
				89CFC0162B76B235004EB54B /* Debug */,
				89CFC0172B76B235004EB54B /* Release */,
			);
			defaultConfigurationIsVisible = 0;
			defaultConfigurationName = Release;
		};
/* End XCConfigurationList section */

/* Begin XCRemoteSwiftPackageReference section */
		89CFC0372B76B728004EB54B /* XCRemoteSwiftPackageReference "RxSwift" */ = {
			isa = XCRemoteSwiftPackageReference;
			repositoryURL = "https://github.com/ReactiveX/RxSwift";
			requirement = {
				kind = upToNextMajorVersion;
				minimumVersion = 6.6.0;
			};
		};
		89CFC04C2B76B733004EB54B /* XCRemoteSwiftPackageReference "Alamofire" */ = {
			isa = XCRemoteSwiftPackageReference;
			repositoryURL = "https://github.com/Alamofire/Alamofire";
			requirement = {
				kind = upToNextMajorVersion;
				minimumVersion = 5.8.1;
			};
		};
		89CFC04F2B76BB09004EB54B /* XCRemoteSwiftPackageReference "Nimble" */ = {
			isa = XCRemoteSwiftPackageReference;
			repositoryURL = "https://github.com/Quick/Nimble";
			requirement = {
				branch = main;
				kind = branch;
			};
		};
/* End XCRemoteSwiftPackageReference section */

/* Begin XCSwiftPackageProductDependency section */
		89CFC0382B76B728004EB54B /* RxBlocking */ = {
			isa = XCSwiftPackageProductDependency;
			package = 89CFC0372B76B728004EB54B /* XCRemoteSwiftPackageReference "RxSwift" */;
			productName = RxBlocking;
		};
		89CFC03A2B76B728004EB54B /* RxBlocking-Dynamic */ = {
			isa = XCSwiftPackageProductDependency;
			package = 89CFC0372B76B728004EB54B /* XCRemoteSwiftPackageReference "RxSwift" */;
			productName = "RxBlocking-Dynamic";
		};
		89CFC03C2B76B728004EB54B /* RxCocoa */ = {
			isa = XCSwiftPackageProductDependency;
			package = 89CFC0372B76B728004EB54B /* XCRemoteSwiftPackageReference "RxSwift" */;
			productName = RxCocoa;
		};
		89CFC03E2B76B728004EB54B /* RxCocoa-Dynamic */ = {
			isa = XCSwiftPackageProductDependency;
			package = 89CFC0372B76B728004EB54B /* XCRemoteSwiftPackageReference "RxSwift" */;
			productName = "RxCocoa-Dynamic";
		};
		89CFC0402B76B728004EB54B /* RxRelay */ = {
			isa = XCSwiftPackageProductDependency;
			package = 89CFC0372B76B728004EB54B /* XCRemoteSwiftPackageReference "RxSwift" */;
			productName = RxRelay;
		};
		89CFC0422B76B728004EB54B /* RxRelay-Dynamic */ = {
			isa = XCSwiftPackageProductDependency;
			package = 89CFC0372B76B728004EB54B /* XCRemoteSwiftPackageReference "RxSwift" */;
			productName = "RxRelay-Dynamic";
		};
		89CFC0442B76B728004EB54B /* RxSwift */ = {
			isa = XCSwiftPackageProductDependency;
			package = 89CFC0372B76B728004EB54B /* XCRemoteSwiftPackageReference "RxSwift" */;
			productName = RxSwift;
		};
		89CFC0462B76B728004EB54B /* RxSwift-Dynamic */ = {
			isa = XCSwiftPackageProductDependency;
			package = 89CFC0372B76B728004EB54B /* XCRemoteSwiftPackageReference "RxSwift" */;
			productName = "RxSwift-Dynamic";
		};
		89CFC0482B76B728004EB54B /* RxTest */ = {
			isa = XCSwiftPackageProductDependency;
			package = 89CFC0372B76B728004EB54B /* XCRemoteSwiftPackageReference "RxSwift" */;
			productName = RxTest;
		};
		89CFC04A2B76B728004EB54B /* RxTest-Dynamic */ = {
			isa = XCSwiftPackageProductDependency;
			package = 89CFC0372B76B728004EB54B /* XCRemoteSwiftPackageReference "RxSwift" */;
			productName = "RxTest-Dynamic";
		};
		89CFC04D2B76B733004EB54B /* Alamofire */ = {
			isa = XCSwiftPackageProductDependency;
			package = 89CFC04C2B76B733004EB54B /* XCRemoteSwiftPackageReference "Alamofire" */;
			productName = Alamofire;
		};
		89CFC0502B76BB09004EB54B /* Nimble */ = {
			isa = XCSwiftPackageProductDependency;
			package = 89CFC04F2B76BB09004EB54B /* XCRemoteSwiftPackageReference "Nimble" */;
			productName = Nimble;
		};
/* End XCSwiftPackageProductDependency section */
	};
	rootObject = 89CFBFDD2B76B233004EB54B /* Project object */;
}
